# THIS IS AN AUTOGENERATED FILE. DO NOT EDIT THIS FILE DIRECTLY.
# yarn lockfile v1


accepts@~1.0.4, accepts@~1.0.7:
  version "1.0.7"
  resolved "https://registry.yarnpkg.com/accepts/-/accepts-1.0.7.tgz#5b501fb4f0704309964ccdb048172541208dab1a"
  integrity sha1-W1AftPBwQwmWTM2wSBclQSCNqxo=
  dependencies:
    mime-types "~1.0.0"
    negotiator "0.4.7"

any-promise@^1.0.0:
  version "1.3.0"
  resolved "https://registry.yarnpkg.com/any-promise/-/any-promise-1.3.0.tgz#abc6afeedcea52e809cdc0376aed3ce39635d17f"
  integrity sha512-7UvmKalWRt1wgjL1RrGxoSJW/0QZFIegpeGvZG9kjp8vrRu55XTHbwnqq2GpXm9uLbcuhxm3IqX9OB4MZR1b2A==

async@~0.2.9:
  version "0.2.10"
  resolved "https://registry.yarnpkg.com/async/-/async-0.2.10.tgz#b6bbe0b0674b9d719708ca38de8c237cb526c3d1"
  integrity sha1-trvgsGdLnXGXCMo43owjfLUmw9E=

base64-url@1:
  version "1.3.3"
  resolved "https://registry.yarnpkg.com/base64-url/-/base64-url-1.3.3.tgz#f8b6c537f09a4fc58c99cb86e0b0e9c61461a20f"
  integrity sha1-+LbFN/CaT8WMmcuG4LDpxhRhog8=

base64-url@1.2.1:
  version "1.2.1"
  resolved "https://registry.yarnpkg.com/base64-url/-/base64-url-1.2.1.tgz#199fd661702a0e7b7dcae6e0698bb089c52f6d78"
  integrity sha1-GZ/WYXAqDnt9yubgaYuwicUvbXg=

basic-auth-connect@1.0.0:
  version "1.0.0"
  resolved "https://registry.yarnpkg.com/basic-auth-connect/-/basic-auth-connect-1.0.0.tgz#fdb0b43962ca7b40456a7c2bb48fe173da2d2122"
  integrity sha1-/bC0OWLKe0BFanwrtI/hc9otISI=

batch@0.5.1:
  version "0.5.1"
  resolved "https://registry.yarnpkg.com/batch/-/batch-0.5.1.tgz#36a4bab594c050fd7b507bca0db30c2d92af4ff2"
  integrity sha1-NqS6tZTAUP17UHvKDbMMLZKvT/I=

body-parser@1.4.3:
  version "1.4.3"
  resolved "https://registry.yarnpkg.com/body-parser/-/body-parser-1.4.3.tgz#4727952cff4af0773eefa4b226c2f4122f5e234d"
  integrity sha1-RyeVLP9K8Hc+76SyJsL0Ei9eI00=
  dependencies:
    bytes "1.0.0"
    depd "0.3.0"
    iconv-lite "0.4.3"
    media-typer "0.2.0"
    qs "0.6.6"
    raw-body "1.2.2"
    type-is "1.3.1"

buffer-crc32@0.2.3:
  version "0.2.3"
  resolved "https://registry.yarnpkg.com/buffer-crc32/-/buffer-crc32-0.2.3.tgz#bb54519e95d107cbd2400e76d0cab1467336d921"
  integrity sha1-u1RRnpXRB8vSQA520MqxRnM22SE=

bytes@1, bytes@1.0.0:
  version "1.0.0"
  resolved "https://registry.yarnpkg.com/bytes/-/bytes-1.0.0.tgz#3569ede8ba34315fab99c3e92cb04c7220de1fa8"
  integrity sha1-NWnt6Lo0MV+rmcPpLLBMciDeH6g=

combined-stream@~0.0.4:
  version "0.0.7"
  resolved "https://registry.yarnpkg.com/combined-stream/-/combined-stream-0.0.7.tgz#0137e657baa5a7541c57ac37ac5fc07d73b4dc1f"
  integrity sha1-ATfmV7qlp1QcV6w3rF/AfXO03B8=
  dependencies:
    delayed-stream "0.0.5"

commander@0.6.1:
  version "0.6.1"
  resolved "https://registry.yarnpkg.com/commander/-/commander-0.6.1.tgz#fa68a14f6a945d54dbbe50d8cdb3320e9e3b1a06"
  integrity sha1-+mihT2qUXVTbvlDYzbMyDp47GgY=

commander@1.3.2:
  version "1.3.2"
  resolved "https://registry.yarnpkg.com/commander/-/commander-1.3.2.tgz#8a8f30ec670a6fdd64af52f1914b907d79ead5b5"
  integrity sha1-io8w7GcKb91kr1LxkUuQfXnq1bU=
  dependencies:
    keypress "0.1.x"

commander@2.0.0:
  version "2.0.0"
  resolved "https://registry.yarnpkg.com/commander/-/commander-2.0.0.tgz#d1b86f901f8b64bd941bdeadaf924530393be928"
  integrity sha1-0bhvkB+LZL2UG96tr5JFMDk76Sg=

component-emitter@1.1.2:
  version "1.1.2"
  resolved "https://registry.yarnpkg.com/component-emitter/-/component-emitter-1.1.2.tgz#296594f2753daa63996d2af08d15a95116c9aec3"
  integrity sha1-KWWU8nU9qmOZbSrwjRWpURbJrsM=

compressible@~1.1.1:
  version "1.1.1"
  resolved "https://registry.yarnpkg.com/compressible/-/compressible-1.1.1.tgz#23b71ea90ea6c6a66289701a918182c24d0729ef"
  integrity sha1-I7ceqQ6mxqZiiXAakYGCwk0HKe8=

compression@~1.0.8:
  version "1.0.11"
  resolved "https://registry.yarnpkg.com/compression/-/compression-1.0.11.tgz#69700cf1ee8963454356ac192a6e5e91e232bffb"
  integrity sha1-aXAM8e6JY0VDVqwZKm5ekeIyv/s=
  dependencies:
    accepts "~1.0.7"
    bytes "1.0.0"
    compressible "~1.1.1"
    debug "1.0.4"
    on-headers "~1.0.0"
    vary "~1.0.0"

connect-timeout@1.1.1:
  version "1.1.1"
  resolved "https://registry.yarnpkg.com/connect-timeout/-/connect-timeout-1.1.1.tgz#6c7e31c98f0ac68eb6d1305f67f21f5a6e90fd04"
  integrity sha1-bH4xyY8Kxo620TBfZ/IfWm6Q/QQ=
  dependencies:
    debug "1.0.2"
    on-headers "0.0.0"

connect@2.21.0:
  version "2.21.0"
  resolved "https://registry.yarnpkg.com/connect/-/connect-2.21.0.tgz#a9d618f961173e02c1d8f2131080a295f8ff237b"
  integrity sha1-qdYY+WEXPgLB2PITEICilfj/I3s=
  dependencies:
    basic-auth-connect "1.0.0"
    body-parser "1.4.3"
    bytes "1.0.0"
    compression "~1.0.8"
    connect-timeout "1.1.1"
    cookie "0.1.2"
    cookie-parser "1.3.1"
    cookie-signature "1.0.3"
    csurf "1.2.2"
    debug "1.0.2"
    depd "0.3.0"
    errorhandler "1.1.1"
    express-session "~1.5.0"
    finalhandler "0.0.2"
    fresh "0.2.2"
    media-typer "0.2.0"
    method-override "2.0.2"
    morgan "1.1.1"
    multiparty "3.2.9"
    on-headers "0.0.0"
    parseurl "1.0.1"
    pause "0.0.1"
    qs "0.6.6"
    response-time "2.0.0"
    serve-favicon "2.0.1"
    serve-index "~1.1.3"
    serve-static "1.2.3"
    type-is "1.3.1"
    vhost "2.0.0"

cookie-parser@1.3.1:
  version "1.3.1"
  resolved "https://registry.yarnpkg.com/cookie-parser/-/cookie-parser-1.3.1.tgz#30bfc2906a04489d59bcb9e32f90db08e04bb51e"
  integrity sha1-ML/CkGoESJ1ZvLnjL5DbCOBLtR4=
  dependencies:
    cookie "0.1.2"
    cookie-signature "1.0.3"

cookie-signature@1.0.3:
  version "1.0.3"
  resolved "https://registry.yarnpkg.com/cookie-signature/-/cookie-signature-1.0.3.tgz#91cd997cc51fb641595738c69cda020328f50ff9"
  integrity sha1-kc2ZfMUftkFZVzjGnNoCAyj1D/k=

cookie-signature@1.0.4:
  version "1.0.4"
  resolved "https://registry.yarnpkg.com/cookie-signature/-/cookie-signature-1.0.4.tgz#0edd22286e3a111b9a2a70db363e925e867f6aca"
  integrity sha1-Dt0iKG46ERuaKnDbNj6SXoZ/aso=

cookie@0.1.2:
  version "0.1.2"
  resolved "https://registry.yarnpkg.com/cookie/-/cookie-0.1.2.tgz#72fec3d24e48a3432073d90c12642005061004b1"
  integrity sha1-cv7D0k5Io0Mgc9kMEmQgBQYQBLE=

cookiejar@1.3.2:
  version "1.3.2"
  resolved "https://registry.yarnpkg.com/cookiejar/-/cookiejar-1.3.2.tgz#61d3229e2da20c859032233502958a9b7df58249"
  integrity sha1-YdMini2iDIWQMiM1ApWKm331gkk=

core-util-is@~1.0.0:
  version "1.0.2"
  resolved "https://registry.yarnpkg.com/core-util-is/-/core-util-is-1.0.2.tgz#b5fd54220aa2bc5ab57aab7140c940754503c1a7"
  integrity sha1-tf1UIgqivFq1eqtxQMlAdUUDwac=

csrf-tokens@~2.0.0:
  version "2.0.0"
  resolved "https://registry.yarnpkg.com/csrf-tokens/-/csrf-tokens-2.0.0.tgz#c821003fb8b6ad17bc977d6fd1a84bedc3ed619b"
  integrity sha1-yCEAP7i2rRe8l31v0ahL7cPtYZs=
  dependencies:
    base64-url "1"
    rndm "1"
    scmp "~0.0.3"
    uid-safe "1"

csurf@1.2.2:
  version "1.2.2"
  resolved "https://registry.yarnpkg.com/csurf/-/csurf-1.2.2.tgz#2ea9f2d3f2d67b1e2253290e676b62195dcb7756"
  integrity sha1-Lqny0/LWex4iUykOZ2tiGV3Ld1Y=
  dependencies:
    csrf-tokens "~2.0.0"

debug@*:
  version "4.1.1"
  resolved "https://registry.yarnpkg.com/debug/-/debug-4.1.1.tgz#3b72260255109c6b589cee050f1d516139664791"
  integrity sha512-pYAIzeRo8J6KPEaJ0VWOh5Pzkbw/RetuzehGM7QRRX5he4fPHx2rdKMB256ehJCkX+XRQm16eZLqLNS8RSZXZw==
  dependencies:
    ms "^2.1.1"

debug@1.0.2:
  version "1.0.2"
  resolved "https://registry.yarnpkg.com/debug/-/debug-1.0.2.tgz#3849591c10cce648476c3c7c2e2e3416db5963c4"
  integrity sha1-OElZHBDM5khHbDx8Li40FttZY8Q=
  dependencies:
    ms "0.6.2"

debug@1.0.4:
  version "1.0.4"
  resolved "https://registry.yarnpkg.com/debug/-/debug-1.0.4.tgz#5b9c256bd54b6ec02283176fa8a0ede6d154cbf8"
  integrity sha1-W5wla9VLbsAigxdvqKDt5tFUy/g=
  dependencies:
    ms "0.6.2"

debug@~0.7.2:
  version "0.7.4"
  resolved "https://registry.yarnpkg.com/debug/-/debug-0.7.4.tgz#06e1ea8082c2cb14e39806e22e2f6f757f92af39"
  integrity sha1-BuHqgILCyxTjmAbiLi9vdX+Srzk=

delayed-stream@0.0.5:
  version "0.0.5"
  resolved "https://registry.yarnpkg.com/delayed-stream/-/delayed-stream-0.0.5.tgz#d4b1f43a93e8296dfe02694f4680bc37a313c73f"
  integrity sha1-1LH0OpPoKW3+AmlPRoC8N6MTxz8=

depd@0.3.0:
  version "0.3.0"
  resolved "https://registry.yarnpkg.com/depd/-/depd-0.3.0.tgz#11c9bc28e425325fbd8b38940beff69fa5326883"
  integrity sha1-Ecm8KOQlMl+9iziUC+/2n6UyaIM=

diff@1.0.7:
  version "1.0.7"
  resolved "https://registry.yarnpkg.com/diff/-/diff-1.0.7.tgz#24bbb001c4a7d5522169e7cabdb2c2814ed91cf4"
  integrity sha1-JLuwAcSn1VIhaefKvbLCgU7ZHPQ=

ee-first@1.0.3:
  version "1.0.3"
  resolved "https://registry.yarnpkg.com/ee-first/-/ee-first-1.0.3.tgz#6c98c4089abecb5a7b85c1ac449aa603d3b3dabe"
  integrity sha1-bJjECJq+y1p7hcGsRJqmA9Oz2r4=

errorhandler@1.1.1:
  version "1.1.1"
  resolved "https://registry.yarnpkg.com/errorhandler/-/errorhandler-1.1.1.tgz#18defd436d8ca2efe0a2d886c5c4d6ee6d76d691"
  integrity sha1-GN79Q22Mou/gotiGxcTW7m121pE=
  dependencies:
    accepts "~1.0.4"
    escape-html "1.0.1"

escape-html@1.0.1:
  version "1.0.1"
  resolved "https://registry.yarnpkg.com/escape-html/-/escape-html-1.0.1.tgz#181a286ead397a39a92857cfb1d43052e356bff0"
  integrity sha1-GBoobq05ejmpKFfPsdQwUuNWv/A=

express-session@~1.5.0:
  version "1.5.2"
  resolved "https://registry.yarnpkg.com/express-session/-/express-session-1.5.2.tgz#e7a4ebef8a1bffc13232dd09fe6ab5f0331e330f"
  integrity sha1-56Tr74ob/8EyMt0J/mq18DMeMw8=
  dependencies:
    buffer-crc32 "0.2.3"
    cookie "0.1.2"
    cookie-signature "1.0.4"
    debug "1.0.2"
    depd "0.3.0"
    on-headers "0.0.0"
    uid-safe "1.0.1"
    utils-merge "1.0.0"

express@3.12.0:
  version "3.12.0"
  resolved "https://registry.yarnpkg.com/express/-/express-3.12.0.tgz#8f00c9bef6f4d186f4a481ad831844dd7d73336e"
  integrity sha1-jwDJvvb00Yb0pIGtgxhE3X1zM24=
  dependencies:
    buffer-crc32 "0.2.3"
    commander "1.3.2"
    connect "2.21.0"
    cookie "0.1.2"
    cookie-signature "1.0.3"
    debug "1.0.2"
    depd "0.3.0"
    escape-html "1.0.1"
    fresh "0.2.2"
    media-typer "0.2.0"
    merge-descriptors "0.0.2"
    methods "1.0.1"
    mkdirp "0.5.0"
    parseurl "1.0.1"
    proxy-addr "1.0.1"
    range-parser "1.0.0"
    send "0.4.3"
    vary "0.1.0"

extend@~1.2.1:
  version "1.2.1"
  resolved "https://registry.yarnpkg.com/extend/-/extend-1.2.1.tgz#a0f5fd6cfc83a5fe49ef698d60ec8a624dd4576c"
  integrity sha1-oPX9bPyDpf5J72mNYOyKYk3UV2w=

finalhandler@0.0.2:
  version "0.0.2"
  resolved "https://registry.yarnpkg.com/finalhandler/-/finalhandler-0.0.2.tgz#0603d875ee87d567a266692815cc8ad44fcceeda"
  integrity sha1-BgPYde6H1WeiZmkoFcyK1E/M7to=
  dependencies:
    debug "1.0.2"
    escape-html "1.0.1"

finished@1.2.2:
  version "1.2.2"
  resolved "https://registry.yarnpkg.com/finished/-/finished-1.2.2.tgz#41608eafadfd65683b46a1220bc4b1ec3daedcd8"
  integrity sha1-QWCOr639ZWg7RqEiC8Sx7D2u3Ng=
  dependencies:
    ee-first "1.0.3"

form-data@0.1.2:
  version "0.1.2"
  resolved "https://registry.yarnpkg.com/form-data/-/form-data-0.1.2.tgz#1143c21357911a78dd7913b189b4bab5d5d57445"
  integrity sha1-EUPCE1eRGnjdeROxibS6tdXVdEU=
  dependencies:
    async "~0.2.9"
    combined-stream "~0.0.4"
    mime "~1.2.11"

formidable@1.0.14:
  version "1.0.14"
  resolved "https://registry.yarnpkg.com/formidable/-/formidable-1.0.14.tgz#2b3f4c411cbb5fdd695c44843e2a23514a43231a"
  integrity sha1-Kz9MQRy7X91pXESEPiojUUpDIxo=

fresh@0.2.2:
  version "0.2.2"
  resolved "https://registry.yarnpkg.com/fresh/-/fresh-0.2.2.tgz#9731dcf5678c7faeb44fb903c4f72df55187fa77"
  integrity sha1-lzHc9WeMf660T7kDxPct9VGH+nc=

glob@3.2.3:
  version "3.2.3"
  resolved "https://registry.yarnpkg.com/glob/-/glob-3.2.3.tgz#e313eeb249c7affaa5c475286b0e115b59839467"
  integrity sha1-4xPusknHr/qlxHUoaw4RW1mDlGc=
  dependencies:
    graceful-fs "~2.0.0"
    inherits "2"
    minimatch "~0.2.11"

graceful-fs@~2.0.0:
  version "2.0.3"
  resolved "https://registry.yarnpkg.com/graceful-fs/-/graceful-fs-2.0.3.tgz#7cd2cdb228a4a3f36e95efa6cc142de7d1a136d0"
  integrity sha1-fNLNsiiko/Nule+mzBQt59GhNtA=

growl@1.7.x:
  version "1.7.0"
  resolved "https://registry.yarnpkg.com/growl/-/growl-1.7.0.tgz#de2d66136d002e112ba70f3f10c31cf7c350b2da"
  integrity sha1-3i1mE20ALhErpw8/EMMc98NQsto=

iconv-lite@0.4.3:
  version "0.4.3"
  resolved "https://registry.yarnpkg.com/iconv-lite/-/iconv-lite-0.4.3.tgz#9e7887793b769cc695eb22d2546a4fd2d79b7a1e"
  integrity sha1-nniHeTt2nMaV6yLSVGpP0tebeh4=

inherits@2, inherits@~2.0.1:
  version "2.0.3"
  resolved "https://registry.yarnpkg.com/inherits/-/inherits-2.0.3.tgz#633c2c83e3da42a502f52466022480f4208261de"
  integrity sha1-Yzwsg+PaQqUC9SRmAiSA9CCCYd4=

ipaddr.js@0.1.2:
  version "0.1.2"
  resolved "https://registry.yarnpkg.com/ipaddr.js/-/ipaddr.js-0.1.2.tgz#6a1fd3d854f5002965c34d7bbcd9b4a8d4b0467e"
  integrity sha1-ah/T2FT1ACllw017vNm0qNSwRn4=

isarray@0.0.1:
  version "0.0.1"
  resolved "https://registry.yarnpkg.com/isarray/-/isarray-0.0.1.tgz#8a18acfca9a8f4177e09abfc6038939b05d1eedf"
  integrity sha1-ihis/Kmo9Bd+Cav8YDiTmwXR7t8=

jade@0.26.3:
  version "0.26.3"
  resolved "https://registry.yarnpkg.com/jade/-/jade-0.26.3.tgz#8f10d7977d8d79f2f6ff862a81b0513ccb25686c"
  integrity sha1-jxDXl32NefL2/4YqgbBRPMslaGw=
  dependencies:
    commander "0.6.1"
    mkdirp "0.3.0"

keypress@0.1.x:
  version "0.1.0"
  resolved "https://registry.yarnpkg.com/keypress/-/keypress-0.1.0.tgz#4a3188d4291b66b4f65edb99f806aa9ae293592a"
  integrity sha1-SjGI1CkbZrT2XtuZ+AaqmuKTWSo=

lru-cache@2:
  version "2.7.3"
  resolved "https://registry.yarnpkg.com/lru-cache/-/lru-cache-2.7.3.tgz#6d4524e8b955f95d4f5b58851ce21dd72fb4e952"
  integrity sha1-bUUk6LlV+V1PW1iFHOId1y+06VI=

media-typer@0.2.0:
  version "0.2.0"
  resolved "https://registry.yarnpkg.com/media-typer/-/media-typer-0.2.0.tgz#d8a065213adfeaa2e76321a2b6dda36ff6335984"
  integrity sha1-2KBlITrf6qLnYyGitt2jb/YzWYQ=

merge-descriptors@0.0.2:
  version "0.0.2"
  resolved "https://registry.yarnpkg.com/merge-descriptors/-/merge-descriptors-0.0.2.tgz#c36a52a781437513c57275f39dd9d317514ac8c7"
  integrity sha1-w2pSp4FDdRPFcnXzndnTF1FKyMc=

method-override@2.0.2:
  version "2.0.2"
  resolved "https://registry.yarnpkg.com/method-override/-/method-override-2.0.2.tgz#00531278c79789640bf27e97e26a3a5a1f7cca73"
  integrity sha1-AFMSeMeXiWQL8n6X4mo6Wh98ynM=
  dependencies:
    methods "1.0.1"
    parseurl "1.0.1"
    vary "0.1.0"

methods@0.0.1:
  version "0.0.1"
  resolved "https://registry.yarnpkg.com/methods/-/methods-0.0.1.tgz#277c90f8bef39709645a8371c51c3b6c648e068c"
  integrity sha1-J3yQ+L7zlwlkWoNxxRw7bGSOBow=

methods@1.0.0:
  version "1.0.0"
  resolved "https://registry.yarnpkg.com/methods/-/methods-1.0.0.tgz#9a73d86375dfcef26ef61ca3e4b8a2e2538a80e3"
  integrity sha1-mnPYY3XfzvJu9hyj5Lii4lOKgOM=

methods@1.0.1:
  version "1.0.1"
  resolved "https://registry.yarnpkg.com/methods/-/methods-1.0.1.tgz#75bc91943dffd7da037cf3eeb0ed73a0037cd14b"
  integrity sha1-dbyRlD3/19oDfPPusO1zoAN80Us=

mime-types@1.0.0:
  version "1.0.0"
  resolved "https://registry.yarnpkg.com/mime-types/-/mime-types-1.0.0.tgz#6a7b4a6af2e7d92f97afe03f047c7801e8f001d2"
  integrity sha1-antKavLn2S+Xr+A/BHx4AejwAdI=

mime-types@~1.0.0:
  version "1.0.2"
  resolved "https://registry.yarnpkg.com/mime-types/-/mime-types-1.0.2.tgz#995ae1392ab8affcbfcb2641dd054e943c0d5dce"
  integrity sha1-mVrhOSq4r/y/yyZB3QVOlDwNXc4=

mime@1.2.11, mime@~1.2.11:
  version "1.2.11"
  resolved "https://registry.yarnpkg.com/mime/-/mime-1.2.11.tgz#58203eed86e3a5ef17aed2b7d9ebd47f0a60dd10"
  integrity sha1-WCA+7Ybjpe8XrtK32evUfwpg3RA=

mime@1.2.5:
  version "1.2.5"
  resolved "https://registry.yarnpkg.com/mime/-/mime-1.2.5.tgz#9eed073022a8bf5e16c8566c6867b8832bfbfa13"
  integrity sha1-nu0HMCKov14WyFZsaGe4gyv7+hM=

minimatch@~0.2.11:
  version "0.2.14"
  resolved "https://registry.yarnpkg.com/minimatch/-/minimatch-0.2.14.tgz#c74e780574f63c6f9a090e90efbe6ef53a6a756a"
  integrity sha1-x054BXT2PG+aCQ6Q775u9TpqdWo=
  dependencies:
    lru-cache "2"
    sigmund "~1.0.0"

minimist@0.0.8:
  version "0.0.8"
  resolved "https://registry.yarnpkg.com/minimist/-/minimist-0.0.8.tgz#857fcabfc3397d2625b8228262e86aa7a011b05d"
  integrity sha1-hX/Kv8M5fSYluCKCYuhqp6ARsF0=

mkdirp@0.3.0:
  version "0.3.0"
  resolved "https://registry.yarnpkg.com/mkdirp/-/mkdirp-0.3.0.tgz#1bbf5ab1ba827af23575143490426455f481fe1e"
  integrity sha1-G79asbqCevI1dRQ0kEJkVfSB/h4=

mkdirp@0.3.5:
  version "0.3.5"
  resolved "https://registry.yarnpkg.com/mkdirp/-/mkdirp-0.3.5.tgz#de3e5f8961c88c787ee1368df849ac4413eca8d7"
  integrity sha1-3j5fiWHIjHh+4TaN+EmsRBPsqNc=

mkdirp@0.5.0:
  version "0.5.0"
  resolved "https://registry.yarnpkg.com/mkdirp/-/mkdirp-0.5.0.tgz#1d73076a6df986cd9344e15e71fcc05a4c9abf12"
  integrity sha1-HXMHam35hs2TROFecfzAWkyavxI=
  dependencies:
    minimist "0.0.8"

mocha@1.20.1:
  version "1.20.1"
  resolved "https://registry.yarnpkg.com/mocha/-/mocha-1.20.1.tgz#f343832d9fe0c7d97c64fc70448f5136df9fed5b"
  integrity sha1-80ODLZ/gx9l8ZPxwRI9RNt+f7Vs=
  dependencies:
    commander "2.0.0"
    debug "*"
    diff "1.0.7"
    glob "3.2.3"
    growl "1.7.x"
    jade "0.26.3"
    mkdirp "0.3.5"

morgan@1.1.1:
  version "1.1.1"
  resolved "https://registry.yarnpkg.com/morgan/-/morgan-1.1.1.tgz#cde45d2e807ebcc439745846ea80392e69098146"
  integrity sha1-zeRdLoB+vMQ5dFhG6oA5LmkJgUY=
  dependencies:
    bytes "1.0.0"

ms@0.6.2:
  version "0.6.2"
  resolved "https://registry.yarnpkg.com/ms/-/ms-0.6.2.tgz#d89c2124c6fdc1353d65a8b77bf1aac4b193708c"
  integrity sha1-2JwhJMb9wTU9Zai3e/GqxLGTcIw=

ms@^2.1.1:
  version "2.1.1"
  resolved "https://registry.yarnpkg.com/ms/-/ms-2.1.1.tgz#30a5864eb3ebb0a66f2ebe6d727af06a09d86e0a"
  integrity sha512-tgp+dl5cGk28utYktBsrFqA7HKgrhgPsg6Z/EfhWI4gl1Hwq8B/GmY/0oXZ6nF8hDVesS/FpnYaD/kOWhYQvyg==

multiparty@3.2.9:
  version "3.2.9"
  resolved "https://registry.yarnpkg.com/multiparty/-/multiparty-3.2.9.tgz#c73373ea9c012e7776ce5bc40c936264b6ba2c1e"
  integrity sha1-xzNz6pwBLnd2zlvEDJNiZLa6LB4=
  dependencies:
    readable-stream "~1.1.9"
    stream-counter "~0.2.0"

mz@1:
  version "1.3.0"
  resolved "https://registry.yarnpkg.com/mz/-/mz-1.3.0.tgz#06f093fdd9956a06d37e1b1e81344e27478c42f0"
  integrity sha1-BvCT/dmVagbTfhsegTROJ0eMQvA=
  dependencies:
    native-or-bluebird "1"
    thenify "3"
    thenify-all "1"

native-or-bluebird@1:
  version "1.2.0"
  resolved "https://registry.yarnpkg.com/native-or-bluebird/-/native-or-bluebird-1.2.0.tgz#39c47bfd7825d1fb9ffad32210ae25daadf101c9"
  integrity sha1-OcR7/Xgl0fuf+tMiEK4l2q3xAck=

native-or-bluebird@~1.1.2:
  version "1.1.2"
  resolved "https://registry.yarnpkg.com/native-or-bluebird/-/native-or-bluebird-1.1.2.tgz#3921e110232d1eb790f3dac61bb370531c7d356e"
  integrity sha1-OSHhECMtHreQ89rGG7NwUxx9NW4=

negotiator@0.4.7:
  version "0.4.7"
  resolved "https://registry.yarnpkg.com/negotiator/-/negotiator-0.4.7.tgz#a4160f7177ec806738631d0d3052325da42abdc8"
  integrity sha1-pBYPcXfsgGc4Yx0NMFIyXaQqvcg=

on-headers@0.0.0:
  version "0.0.0"
  resolved "https://registry.yarnpkg.com/on-headers/-/on-headers-0.0.0.tgz#ee2817f8344325785cd9c2df2b242bbc17caf4c4"
  integrity sha1-7igX+DRDJXhc2cLfKyQrvBfK9MQ=

on-headers@~1.0.0:
  version "1.0.2"
  resolved "https://registry.yarnpkg.com/on-headers/-/on-headers-1.0.2.tgz#772b0ae6aaa525c399e489adfad90c403eb3c28f"
  integrity sha512-pZAE+FJLoyITytdqK0U5s+FIpjN0JP3OzFi/u8Rx+EV5/W+JTWGXG8xFzevE7AjBfDqHv/8vL8qQsIhHnqRkrA==

parseurl@1.0.1:
  version "1.0.1"
  resolved "https://registry.yarnpkg.com/parseurl/-/parseurl-1.0.1.tgz#2e57dce6efdd37c3518701030944c22bf388b7b4"
  integrity sha1-Llfc5u/dN8NRhwEDCUTCK/OIt7Q=

parseurl@~1.3.0:
  version "1.3.3"
  resolved "https://registry.yarnpkg.com/parseurl/-/parseurl-1.3.3.tgz#9da19e7bee8d12dff0513ed5b76957793bc2e8d4"
  integrity sha512-CiyeOxFT/JZyN5m0z9PfXw4SCBJ6Sygz1Dpl0wqjlhDEGGBP1GnsUVEL0p63hoG1fcj3fHynXi9NYO4nWOL+qQ==

pause@0.0.1:
  version "0.0.1"
  resolved "https://registry.yarnpkg.com/pause/-/pause-0.0.1.tgz#1d408b3fdb76923b9543d96fb4c9dfd535d9cb5d"
  integrity sha1-HUCLP9t2kjuVQ9lvtMnf1TXZy10=

proxy-addr@1.0.1:
  version "1.0.1"
  resolved "https://registry.yarnpkg.com/proxy-addr/-/proxy-addr-1.0.1.tgz#c7c566d5eb4e3fad67eeb9c77c5558ccc39b88a8"
  integrity sha1-x8Vm1etOP61n7rnHfFVYzMObiKg=
  dependencies:
    ipaddr.js "0.1.2"

qs@0.6.6:
  version "0.6.6"
  resolved "https://registry.yarnpkg.com/qs/-/qs-0.6.6.tgz#6e015098ff51968b8a3c819001d5f2c89bc4b107"
  integrity sha1-bgFQmP9RlouKPIGQAdXyyJvEsQc=

range-parser@1.0.0:
  version "1.0.0"
  resolved "https://registry.yarnpkg.com/range-parser/-/range-parser-1.0.0.tgz#a4b264cfe0be5ce36abe3765ac9c2a248746dbc0"
  integrity sha1-pLJkz+C+XONqvjdlrJwqJIdG28A=

range-parser@~1.0.0:
  version "1.0.3"
  resolved "https://registry.yarnpkg.com/range-parser/-/range-parser-1.0.3.tgz#6872823535c692e2c2a0103826afd82c2e0ff175"
  integrity sha1-aHKCNTXGkuLCoBA4Jq/YLC4P8XU=

raw-body@1.2.2:
  version "1.2.2"
  resolved "https://registry.yarnpkg.com/raw-body/-/raw-body-1.2.2.tgz#0c68e1ee28cfed7dba4822234aec6078461cbc1f"
  integrity sha1-DGjh7ijP7X26SCIjSuxgeEYcvB8=
  dependencies:
    bytes "1"
    iconv-lite "0.4.3"

readable-stream@1.0.27-1:
  version "1.0.27-1"
  resolved "https://registry.yarnpkg.com/readable-stream/-/readable-stream-1.0.27-1.tgz#6b67983c20357cefd07f0165001a16d710d91078"
  integrity sha1-a2eYPCA1fO/QfwFlABoW1xDZEHg=
  dependencies:
    core-util-is "~1.0.0"
    inherits "~2.0.1"
    isarray "0.0.1"
    string_decoder "~0.10.x"

readable-stream@~1.1.8, readable-stream@~1.1.9:
  version "1.1.14"
  resolved "https://registry.yarnpkg.com/readable-stream/-/readable-stream-1.1.14.tgz#7cf4c54ef648e3813084c636dd2079e166c081d9"
  integrity sha1-fPTFTvZI44EwhMY23SB54WbAgdk=
  dependencies:
    core-util-is "~1.0.0"
    inherits "~2.0.1"
    isarray "0.0.1"
    string_decoder "~0.10.x"

reduce-component@1.0.1:
  version "1.0.1"
  resolved "https://registry.yarnpkg.com/reduce-component/-/reduce-component-1.0.1.tgz#e0c93542c574521bea13df0f9488ed82ab77c5da"
  integrity sha1-4Mk1QsV0UhvqE98PlIjtgqt3xdo=

response-time@2.0.0:
  version "2.0.0"
  resolved "https://registry.yarnpkg.com/response-time/-/response-time-2.0.0.tgz#65cb39fd50de2f4ffdbdd285f1855966bd6fcb36"
  integrity sha1-Zcs5/VDeL0/9vdKF8YVZZr1vyzY=
  dependencies:
    on-headers "0.0.0"

rndm@1:
  version "1.2.0"
  resolved "https://registry.yarnpkg.com/rndm/-/rndm-1.2.0.tgz#f33fe9cfb52bbfd520aa18323bc65db110a1b76c"
  integrity sha1-8z/pz7Urv9UgqhgyO8ZdsRCht2w=

scmp@~0.0.3:
  version "0.0.3"
  resolved "https://registry.yarnpkg.com/scmp/-/scmp-0.0.3.tgz#3648df2d7294641e7f78673ffc29681d9bad9073"
  integrity sha1-NkjfLXKUZB5/eGc//CloHZutkHM=

send@0.4.3:
  version "0.4.3"
  resolved "https://registry.yarnpkg.com/send/-/send-0.4.3.tgz#9627b23b7707fbf6373831cac5793330b594b640"
  integrity sha1-lieyO3cH+/Y3ODHKxXkzMLWUtkA=
  dependencies:
    debug "1.0.2"
    escape-html "1.0.1"
    finished "1.2.2"
    fresh "0.2.2"
    mime "1.2.11"
    range-parser "~1.0.0"

serve-favicon@2.0.1:
  version "2.0.1"
  resolved "https://registry.yarnpkg.com/serve-favicon/-/serve-favicon-2.0.1.tgz#4826975d9f173ca3a4158e9698161f75dec7afec"
  integrity sha1-SCaXXZ8XPKOkFY6WmBYfdd7Hr+w=
  dependencies:
    fresh "0.2.2"

serve-index@~1.1.3:
  version "1.1.6"
  resolved "https://registry.yarnpkg.com/serve-index/-/serve-index-1.1.6.tgz#b758318fe781628383f66ac80dd447712ea7781f"
  integrity sha1-t1gxj+eBYoOD9mrIDdRHcS6neB8=
  dependencies:
    accepts "~1.0.7"
    batch "0.5.1"
    parseurl "~1.3.0"

serve-static@1.2.3:
  version "1.2.3"
  resolved "https://registry.yarnpkg.com/serve-static/-/serve-static-1.2.3.tgz#93cecbc340f079ecb8589281d1dc31c26c0cd158"
  integrity sha1-k87Lw0Dweey4WJKB0dwxwmwM0Vg=
  dependencies:
    escape-html "1.0.1"
    parseurl "1.0.1"
    send "0.4.3"

sigmund@~1.0.0:
  version "1.0.1"
  resolved "https://registry.yarnpkg.com/sigmund/-/sigmund-1.0.1.tgz#3ff21f198cad2175f9f3b781853fd94d0d19b590"
  integrity sha1-P/IfGYytIXX587eBhT/ZTQ0ZtZA=

stream-counter@~0.2.0:
  version "0.2.0"
  resolved "https://registry.yarnpkg.com/stream-counter/-/stream-counter-0.2.0.tgz#ded266556319c8b0e222812b9cf3b26fa7d947de"
  integrity sha1-3tJmVWMZyLDiIoErnPOyb6fZR94=
  dependencies:
    readable-stream "~1.1.8"

string_decoder@~0.10.x:
  version "0.10.31"
  resolved "https://registry.yarnpkg.com/string_decoder/-/string_decoder-0.10.31.tgz#62e203bc41766c6c28c9fc84301dab1c5310fa94"
  integrity sha1-YuIDvEF2bGwoyfyEMB2rHFMQ+pQ=

superagent@0.18.0:
  version "0.18.0"
  resolved "https://registry.yarnpkg.com/superagent/-/superagent-0.18.0.tgz#9d4375a3ae2c4fbd55fd20d5b12a2470d2fc8f62"
  integrity sha1-nUN1o64sT71V/SDVsSokcNL8j2I=
  dependencies:
    component-emitter "1.1.2"
    cookiejar "1.3.2"
    debug "~0.7.2"
    extend "~1.2.1"
    form-data "0.1.2"
    formidable "1.0.14"
    methods "0.0.1"
    mime "1.2.5"
    qs "0.6.6"
    readable-stream "1.0.27-1"
    reduce-component "1.0.1"

supertest@0.13.0:
  version "0.13.0"
  resolved "https://registry.yarnpkg.com/supertest/-/supertest-0.13.0.tgz#4892bafd9beaa9bbcc95fd5a9f04949aef1ce06f"
  integrity sha1-SJK6/ZvqqbvMlf1anwSUmu8c4G8=
  dependencies:
    methods "1.0.0"
    superagent "0.18.0"

thenify-all@1:
  version "1.6.0"
  resolved "https://registry.yarnpkg.com/thenify-all/-/thenify-all-1.6.0.tgz#1a1918d402d8fc3f98fbf234db0bcc8cc10e9726"
  integrity sha1-GhkY1ALY/D+Y+/I02wvMjMEOlyY=
  dependencies:
    thenify ">= 3.1.0 < 4"

thenify@3, "thenify@>= 3.1.0 < 4":
  version "3.3.1"
  resolved "https://registry.yarnpkg.com/thenify/-/thenify-3.3.1.tgz#8932e686a4066038a016dd9e2ca46add9838a95f"
  integrity sha512-RVZSIV5IG10Hk3enotrhvz0T9em6cyHBLkH/YAZuKqd8hRkKhSfCGIcP2KUY0EPxndzANBmNllzWPwak+bheSw==
  dependencies:
    any-promise "^1.0.0"

type-is@1.3.1:
  version "1.3.1"
  resolved "https://registry.yarnpkg.com/type-is/-/type-is-1.3.1.tgz#a6789b5a52138289ade1ef8f6d9f2874ffd70b6b"
  integrity sha1-pnibWlITgomt4e+PbZ8odP/XC2s=
  dependencies:
    media-typer "0.2.0"
    mime-types "1.0.0"

uid-safe@1:
  version "1.1.0"
  resolved "https://registry.yarnpkg.com/uid-safe/-/uid-safe-1.1.0.tgz#58d6c5dabf8dfbd8d52834839806c03fd6143232"
  integrity sha1-WNbF2r+N+9jVKDSDmAbAP9YUMjI=
  dependencies:
    base64-url "1.2.1"
    native-or-bluebird "~1.1.2"

uid-safe@1.0.1:
  version "1.0.1"
  resolved "https://registry.yarnpkg.com/uid-safe/-/uid-safe-1.0.1.tgz#5bd148460a2e84f54f193fd20352c8c3d7de6ac8"
  integrity sha1-W9FIRgouhPVPGT/SA1LIw9feasg=
  dependencies:
    base64-url "1"
    mz "1"

utils-merge@1.0.0:
  version "1.0.0"
  resolved "https://registry.yarnpkg.com/utils-merge/-/utils-merge-1.0.0.tgz#0294fb922bb9375153541c4f7096231f287c8af8"
  integrity sha1-ApT7kiu5N1FTVBxPcJYjHyh8ivg=

vary@0.1.0:
  version "0.1.0"
  resolved "https://registry.yarnpkg.com/vary/-/vary-0.1.0.tgz#df0945899e93c0cc5bd18cc8321d9d21e74f6176"
  integrity sha1-3wlFiZ6TwMxb0YzIMh2dIedPYXY=

vary@~1.0.0:
  version "1.0.1"
  resolved "https://registry.yarnpkg.com/vary/-/vary-1.0.1.tgz#99e4981566a286118dfb2b817357df7993376d10"
  integrity sha1-meSYFWaihhGN+yuBc1ffeZM3bRA=

vhost@2.0.0:
  version "2.0.0"
  resolved "https://registry.yarnpkg.com/vhost/-/vhost-2.0.0.tgz#1e26770bd0fce86c40945591e6f284c6891791e2"
  integrity sha1-HiZ3C9D86GxAlFWR5vKExokXkeI=
